<?xml version="1.0" encoding="utf-8"?>
<Project ToolsVersion="4.0" xmlns="http://schemas.microsoft.com/developer/msbuild/2003">
  <ItemGroup>
    <ClCompile Include="Game.cpp">
      <Filter>Source files</Filter>
    </ClCompile>
    <ClCompile Include="main.cpp">
      <Filter>Source files</Filter>
    </ClCompile>
    <ClCompile Include="Player.cpp">
      <Filter>Source files</Filter>
    </ClCompile>
    <ClCompile Include="Platform.cpp">
      <Filter>Source files</Filter>
    </ClCompile>
    <ClCompile Include="Projectile.cpp">
      <Filter>Source files</Filter>
    </ClCompile>
    <ClCompile Include="Score.cpp">
      <Filter>Source files</Filter>
    </ClCompile>
    <ClCompile Include="HighScoreScene.cpp">
      <Filter>Source files</Filter>
    </ClCompile>
    <ClCompile Include="MainMenuScene.cpp">
      <Filter>Source files</Filter>
    </ClCompile>
  </ItemGroup>
  <ItemGroup>
    <QtMoc Include="Player.h">
      <Filter>Header files</Filter>
    </QtMoc>
    <QtMoc Include="Game.h">
      <Filter>Header files</Filter>
    </QtMoc>
    <QtMoc Include="Platform.h">
      <Filter>Header files</Filter>
    </QtMoc>
    <QtMoc Include="Projectile.h">
      <Filter>Header files</Filter>
    </QtMoc>
    <QtMoc Include="Score.h">
      <Filter>Header files</Filter>
    </QtMoc>
    <QtMoc Include="HighScoreScene.h">
      <Filter>Header files</Filter>
    </QtMoc>
    <QtMoc Include="MainMenuScene.h">
      <Filter>Header files</Filter>
    </QtMoc>
  </ItemGroup>
  <ItemGroup>
    <Filter Include="Header files">
      <UniqueIdentifier>{93995380-89BD-4b04-88EB-625FBE52EBFB}</UniqueIdentifier>
      <Extensions>h;hh;hpp;hxx;hm;inl;inc;xsd</Extensions>
      <ParseFiles>true</ParseFiles>
    </Filter>
    <Filter Include="Source files">
      <UniqueIdentifier>{4FC737F1-C7A5-4376-A066-2A32D752A2FF}</UniqueIdentifier>
      <Extensions>cpp;c;cc;cxx;def;odl;idl;hpj;bat;asm;asmx</Extensions>
      <ParseFiles>true</ParseFiles>
    </Filter>
    <Filter Include="Resource files">
      <UniqueIdentifier>{9f1dc940-86e2-4c32-b38a-c218f06774a6}</UniqueIdentifier>
    </Filter>
    <Filter Include="Resource files\Images">
      <UniqueIdentifier>{1482f4dc-07c3-4534-a38b-ae1fed5cf1f2}</UniqueIdentifier>
    </Filter>
    <Filter Include="Resource files\Sounds">
      <UniqueIdentifier>{969c5211-6eb4-498e-86f6-2dc3d52b2d30}</UniqueIdentifier>
    </Filter>
  </ItemGroup>
  <ItemGroup>
    <QtRcc Include="Jumper.qrc">
      <Filter>Resource files</Filter>
    </QtRcc>
  </ItemGroup>
  <ItemGroup>
    <Image Include="Images\meteor.png">
      <Filter>Resource files\Images</Filter>
    </Image>
    <Image Include="Images\playerLeft.png">
      <Filter>Resource files\Images</Filter>
    </Image>
    <Image Include="Images\projectile.png">
      <Filter>Resource files\Images</Filter>
    </Image>
    <Image Include="Images\playerRight.png">
      <Filter>Resource files\Images</Filter>
    </Image>
    <Image Include="Images\highScoreBg.png">
      <Filter>Resource files\Images</Filter>
    </Image>
    <Image Include="Images\GameBg.png">
      <Filter>Resource files\Images</Filter>
    </Image>
    <Image Include="Images\meteorBroken.png">
      <Filter>Resource files\Images</Filter>
    </Image>
    <Image Include="Images\meteorCracked.png">
      <Filter>Resource files\Images</Filter>
    </Image>
    <Image Include="Images\playerMovingLeft.png">
      <Filter>Resource files\Images</Filter>
    </Image>
    <Image Include="Images\playerMovingRight.png">
      <Filter>Resource files\Images</Filter>
    </Image>
    <Image Include="Images\mainMenuBg.png">
      <Filter>Resource files\Images</Filter>
    </Image>
    <Image Include="Images\easyDifficultyIcon.png">
      <Filter>Resource files\Images</Filter>
    </Image>
    <Image Include="Images\difficultDifficultyIcon.png">
      <Filter>Resource files\Images</Filter>
    </Image>
    <Image Include="Images\nightmareDifficultyIcon.png">
      <Filter>Resource files\Images</Filter>
    </Image>
    <Image Include="Images\instructionIcon.png">
      <Filter>Resource files\Images</Filter>
    </Image>
    <Image Include="Images\creditsIcon.png">
      <Filter>Resource files\Images</Filter>
    </Image>
    <Image Include="Images\icon.ico">
      <Filter>Resource files\Images</Filter>
    </Image>
  </ItemGroup>
  <ItemGroup>
    <Media Include="Sounds\jump.mp3">
      <Filter>Resource files\Sounds</Filter>
    </Media>
    <Media Include="Sounds\deathtest.mp3">
      <Filter>Resource files\Sounds</Filter>
    </Media>
    <Media Include="Sounds\gunShot.mp3">
      <Filter>Resource files\Sounds</Filter>
    </Media>
    <Media Include="Sounds\BGMusic.mp3">
      <Filter>Resource files\Sounds</Filter>
    </Media>
    <Media Include="Sounds\walking.mp3">
      <Filter>Resource files\Sounds</Filter>
    </Media>
    <Media Include="Sounds\MainMenuMusic.mp3">
      <Filter>Resource files\Sounds</Filter>
    </Media>
  </ItemGroup>
  <ItemGroup>
    <ClInclude Include="resource.h">
      <Filter>Header files</Filter>
    </ClInclude>
    <ClInclude Include="os.h">
      <Filter>Header files</Filter>
    </ClInclude>
  </ItemGroup>
  <ItemGroup>
    <ResourceCompile Include="AstroJumper.rc">
      <Filter>Resource files</Filter>
    </ResourceCompile>
  </ItemGroup>
</Project>